
Microsoft Visual Studio Solution File, Format Version 12.00
# Visual Studio Version 16
VisualStudioVersion = 16.0.31112.23
MinimumVisualStudioVersion = 10.0.40219.1
Project("{9A19103F-16F7-4668-BE54-9A1E7A4F7556}") = "ProvueCLI", "ProvueCLI.csproj", "{9DE9B689-DAE8-4861-A861-087813C32B1B}"
EndProject
Project("{2150E333-8FDC-42A3-9474-1A3956D46DE8}") = "Solution Items", "Solution Items", "{D6A2C635-9E99-4641-98F0-AB648C796117}"
	ProjectSection(SolutionItems) = preProject
		.editorconfig = .editorconfig
	EndProjectSection
EndProject
Project("{FAE04EC0-301F-11D3-BF4B-00C04F79EFBC}") = "ProvueCLIUnitTest", "..\ProvueCLIUnitTest\ProvueCLIUnitTest.csproj", "{B30D194A-2C8B-4E24-A92C-344C01F05411}"
EndProject
Global
	GlobalSection(SolutionConfigurationPlatforms) = preSolution
		Debug|Any CPU = Debug|Any CPU
		Release|Any CPU = Release|Any CPU
	EndGlobalSection
	GlobalSection(ProjectConfigurationPlatforms) = postSolution
		{9DE9B689-DAE8-4861-A861-087813C32B1B}.Debug|Any CPU.ActiveCfg = Debug|Any CPU
		{9DE9B689-DAE8-4861-A861-087813C32B1B}.Debug|Any CPU.Build.0 = Debug|Any CPU
		{9DE9B689-DAE8-4861-A861-087813C32B1B}.Release|Any CPU.ActiveCfg = Release|Any CPU
		{9DE9B689-DAE8-4861-A861-087813C32B1B}.Release|Any CPU.Build.0 = Release|Any CPU
		{B30D194A-2C8B-4E24-A92C-344C01F05411}.Debug|Any CPU.ActiveCfg = Debug|Any CPU
		{B30D194A-2C8B-4E24-A92C-344C01F05411}.Debug|Any CPU.Build.0 = Debug|Any CPU
		{B30D194A-2C8B-4E24-A92C-344C01F05411}.Release|Any CPU.ActiveCfg = Release|Any CPU
		{B30D194A-2C8B-4E24-A92C-344C01F05411}.Release|Any CPU.Build.0 = Release|Any CPU
	EndGlobalSection
	GlobalSection(SolutionProperties) = preSolution
		HideSolutionNode = FALSE
	EndGlobalSection
	GlobalSection(ExtensibilityGlobals) = postSolution
		SolutionGuid = {1FF87BAE-9028-4FDF-8786-481E87C89755}
	EndGlobalSection
EndGlobal
